
Microsoft Visual Studio Solution File, Format Version 12.00
# Visual Studio Version 17
VisualStudioVersion = 17.3.32819.101
MinimumVisualStudioVersion = 10.0.40219.1
Project("{8BC9CEB8-8B4A-11D0-8D11-00A0C91BC942}") = "OAIP_5", "OAIP_5\OAIP_5.vcxproj", "{2735946C-85C4-4078-A495-AA5BB1CCEED4}"
EndProject
Project("{8BC9CEB8-8B4A-11D0-8D11-00A0C91BC942}") = "6_2", "6_2\6_2.vcxproj", "{1C3AC59C-6152-4618-B761-54E38297D7F7}"
EndProject
Project("{8BC9CEB8-8B4A-11D0-8D11-00A0C91BC942}") = "11_1", "11_1\11_1.vcxproj", "{EAC4C885-43A6-4A26-88F3-197D5D503A4F}"
EndProject
Project("{8BC9CEB8-8B4A-11D0-8D11-00A0C91BC942}") = "11_2", "11_2\11_2.vcxproj", "{B0C6958F-1D84-4897-AA26-93ACD488D55F}"
EndProject
Project("{8BC9CEB8-8B4A-11D0-8D11-00A0C91BC942}") = "13_1", "13_1\13_1.vcxproj", "{C951C278-3E9F-45CB-984B-0617A2EB313A}"
EndProject
Project("{8BC9CEB8-8B4A-11D0-8D11-00A0C91BC942}") = "13_2", "13_2\13_2.vcxproj", "{0EEBC72A-2488-4AA9-AA03-FA15E3C9F403}"
EndProject
Project("{8BC9CEB8-8B4A-11D0-8D11-00A0C91BC942}") = "14_1", "14_1\14_1.vcxproj", "{F7712549-D71F-4901-A193-990456F47BA5}"
EndProject
Project("{8BC9CEB8-8B4A-11D0-8D11-00A0C91BC942}") = "14_2", "14_2\14_2.vcxproj", "{192A8B78-4887-4F66-8ED6-7D812007BF25}"
EndProject
Global
	GlobalSection(SolutionConfigurationPlatforms) = preSolution
		Debug|x64 = Debug|x64
		Debug|x86 = Debug|x86
		Release|x64 = Release|x64
		Release|x86 = Release|x86
	EndGlobalSection
	GlobalSection(ProjectConfigurationPlatforms) = postSolution
		{2735946C-85C4-4078-A495-AA5BB1CCEED4}.Debug|x64.ActiveCfg = Debug|x64
		{2735946C-85C4-4078-A495-AA5BB1CCEED4}.Debug|x64.Build.0 = Debug|x64
		{2735946C-85C4-4078-A495-AA5BB1CCEED4}.Debug|x86.ActiveCfg = Debug|Win32
		{2735946C-85C4-4078-A495-AA5BB1CCEED4}.Debug|x86.Build.0 = Debug|Win32
		{2735946C-85C4-4078-A495-AA5BB1CCEED4}.Release|x64.ActiveCfg = Release|x64
		{2735946C-85C4-4078-A495-AA5BB1CCEED4}.Release|x64.Build.0 = Release|x64
		{2735946C-85C4-4078-A495-AA5BB1CCEED4}.Release|x86.ActiveCfg = Release|Win32
		{2735946C-85C4-4078-A495-AA5BB1CCEED4}.Release|x86.Build.0 = Release|Win32
		{1C3AC59C-6152-4618-B761-54E38297D7F7}.Debug|x64.ActiveCfg = Debug|x64
		{1C3AC59C-6152-4618-B761-54E38297D7F7}.Debug|x64.Build.0 = Debug|x64
		{1C3AC59C-6152-4618-B761-54E38297D7F7}.Debug|x86.ActiveCfg = Debug|Win32
		{1C3AC59C-6152-4618-B761-54E38297D7F7}.Debug|x86.Build.0 = Debug|Win32
		{1C3AC59C-6152-4618-B761-54E38297D7F7}.Release|x64.ActiveCfg = Release|x64
		{1C3AC59C-6152-4618-B761-54E38297D7F7}.Release|x64.Build.0 = Release|x64
		{1C3AC59C-6152-4618-B761-54E38297D7F7}.Release|x86.ActiveCfg = Release|Win32
		{1C3AC59C-6152-4618-B761-54E38297D7F7}.Release|x86.Build.0 = Release|Win32
		{EAC4C885-43A6-4A26-88F3-197D5D503A4F}.Debug|x64.ActiveCfg = Debug|x64
		{EAC4C885-43A6-4A26-88F3-197D5D503A4F}.Debug|x64.Build.0 = Debug|x64
		{EAC4C885-43A6-4A26-88F3-197D5D503A4F}.Debug|x86.ActiveCfg = Debug|Win32
		{EAC4C885-43A6-4A26-88F3-197D5D503A4F}.Debug|x86.Build.0 = Debug|Win32
		{EAC4C885-43A6-4A26-88F3-197D5D503A4F}.Release|x64.ActiveCfg = Release|x64
		{EAC4C885-43A6-4A26-88F3-197D5D503A4F}.Release|x64.Build.0 = Release|x64
		{EAC4C885-43A6-4A26-88F3-197D5D503A4F}.Release|x86.ActiveCfg = Release|Win32
		{EAC4C885-43A6-4A26-88F3-197D5D503A4F}.Release|x86.Build.0 = Release|Win32
		{B0C6958F-1D84-4897-AA26-93ACD488D55F}.Debug|x64.ActiveCfg = Debug|x64
		{B0C6958F-1D84-4897-AA26-93ACD488D55F}.Debug|x64.Build.0 = Debug|x64
		{B0C6958F-1D84-4897-AA26-93ACD488D55F}.Debug|x86.ActiveCfg = Debug|Win32
		{B0C6958F-1D84-4897-AA26-93ACD488D55F}.Debug|x86.Build.0 = Debug|Win32
		{B0C6958F-1D84-4897-AA26-93ACD488D55F}.Release|x64.ActiveCfg = Release|x64
		{B0C6958F-1D84-4897-AA26-93ACD488D55F}.Release|x64.Build.0 = Release|x64
		{B0C6958F-1D84-4897-AA26-93ACD488D55F}.Release|x86.ActiveCfg = Release|Win32
		{B0C6958F-1D84-4897-AA26-93ACD488D55F}.Release|x86.Build.0 = Release|Win32
		{C951C278-3E9F-45CB-984B-0617A2EB313A}.Debug|x64.ActiveCfg = Debug|x64
		{C951C278-3E9F-45CB-984B-0617A2EB313A}.Debug|x64.Build.0 = Debug|x64
		{C951C278-3E9F-45CB-984B-0617A2EB313A}.Debug|x86.ActiveCfg = Debug|Win32
		{C951C278-3E9F-45CB-984B-0617A2EB313A}.Debug|x86.Build.0 = Debug|Win32
		{C951C278-3E9F-45CB-984B-0617A2EB313A}.Release|x64.ActiveCfg = Release|x64
		{C951C278-3E9F-45CB-984B-0617A2EB313A}.Release|x64.Build.0 = Release|x64
		{C951C278-3E9F-45CB-984B-0617A2EB313A}.Release|x86.ActiveCfg = Release|Win32
		{C951C278-3E9F-45CB-984B-0617A2EB313A}.Release|x86.Build.0 = Release|Win32
		{0EEBC72A-2488-4AA9-AA03-FA15E3C9F403}.Debug|x64.ActiveCfg = Debug|x64
		{0EEBC72A-2488-4AA9-AA03-FA15E3C9F403}.Debug|x64.Build.0 = Debug|x64
		{0EEBC72A-2488-4AA9-AA03-FA15E3C9F403}.Debug|x86.ActiveCfg = Debug|Win32
		{0EEBC72A-2488-4AA9-AA03-FA15E3C9F403}.Debug|x86.Build.0 = Debug|Win32
		{0EEBC72A-2488-4AA9-AA03-FA15E3C9F403}.Release|x64.ActiveCfg = Release|x64
		{0EEBC72A-2488-4AA9-AA03-FA15E3C9F403}.Release|x64.Build.0 = Release|x64
		{0EEBC72A-2488-4AA9-AA03-FA15E3C9F403}.Release|x86.ActiveCfg = Release|Win32
		{0EEBC72A-2488-4AA9-AA03-FA15E3C9F403}.Release|x86.Build.0 = Release|Win32
		{F7712549-D71F-4901-A193-990456F47BA5}.Debug|x64.ActiveCfg = Debug|x64
		{F7712549-D71F-4901-A193-990456F47BA5}.Debug|x64.Build.0 = Debug|x64
		{F7712549-D71F-4901-A193-990456F47BA5}.Debug|x86.ActiveCfg = Debug|Win32
		{F7712549-D71F-4901-A193-990456F47BA5}.Debug|x86.Build.0 = Debug|Win32
		{F7712549-D71F-4901-A193-990456F47BA5}.Release|x64.ActiveCfg = Release|x64
		{F7712549-D71F-4901-A193-990456F47BA5}.Release|x64.Build.0 = Release|x64
		{F7712549-D71F-4901-A193-990456F47BA5}.Release|x86.ActiveCfg = Release|Win32
		{F7712549-D71F-4901-A193-990456F47BA5}.Release|x86.Build.0 = Release|Win32
		{192A8B78-4887-4F66-8ED6-7D812007BF25}.Debug|x64.ActiveCfg = Debug|x64
		{192A8B78-4887-4F66-8ED6-7D812007BF25}.Debug|x64.Build.0 = Debug|x64
		{192A8B78-4887-4F66-8ED6-7D812007BF25}.Debug|x86.ActiveCfg = Debug|Win32
		{192A8B78-4887-4F66-8ED6-7D812007BF25}.Debug|x86.Build.0 = Debug|Win32
		{192A8B78-4887-4F66-8ED6-7D812007BF25}.Release|x64.ActiveCfg = Release|x64
		{192A8B78-4887-4F66-8ED6-7D812007BF25}.Release|x64.Build.0 = Release|x64
		{192A8B78-4887-4F66-8ED6-7D812007BF25}.Release|x86.ActiveCfg = Release|Win32
		{192A8B78-4887-4F66-8ED6-7D812007BF25}.Release|x86.Build.0 = Release|Win32
	EndGlobalSection
	GlobalSection(SolutionProperties) = preSolution
		HideSolutionNode = FALSE
	EndGlobalSection
	GlobalSection(ExtensibilityGlobals) = postSolution
		SolutionGuid = {07D2A54A-FE38-4C0F-AC7B-AAB738B60086}
	EndGlobalSection
EndGlobal
