
Microsoft Visual Studio Solution File, Format Version 12.00
# Visual Studio Version 17
VisualStudioVersion = 17.3.32819.101
MinimumVisualStudioVersion = 10.0.40219.1
Project("{8BC9CEB8-8B4A-11D0-8D11-00A0C91BC942}") = "OAIP_7", "OAIP_7\OAIP_7.vcxproj", "{C182A8A6-6D67-4B53-815E-4C780B19FBDA}"
EndProject
Project("{8BC9CEB8-8B4A-11D0-8D11-00A0C91BC942}") = "dop1", "dop1\dop1.vcxproj", "{256E1C90-C7FE-4A5F-9256-C0D6CF74C8E3}"
EndProject
Project("{8BC9CEB8-8B4A-11D0-8D11-00A0C91BC942}") = "dop2", "dop2\dop2.vcxproj", "{13311FA2-5325-485D-94BE-AE16B5256F0A}"
EndProject
Project("{8BC9CEB8-8B4A-11D0-8D11-00A0C91BC942}") = "dop15", "dop15\dop15.vcxproj", "{7D2297C2-66DB-4358-B502-BB0374BD51D1}"
EndProject
Global
	GlobalSection(SolutionConfigurationPlatforms) = preSolution
		Debug|x64 = Debug|x64
		Debug|x86 = Debug|x86
		Release|x64 = Release|x64
		Release|x86 = Release|x86
	EndGlobalSection
	GlobalSection(ProjectConfigurationPlatforms) = postSolution
		{C182A8A6-6D67-4B53-815E-4C780B19FBDA}.Debug|x64.ActiveCfg = Debug|x64
		{C182A8A6-6D67-4B53-815E-4C780B19FBDA}.Debug|x64.Build.0 = Debug|x64
		{C182A8A6-6D67-4B53-815E-4C780B19FBDA}.Debug|x86.ActiveCfg = Debug|Win32
		{C182A8A6-6D67-4B53-815E-4C780B19FBDA}.Debug|x86.Build.0 = Debug|Win32
		{C182A8A6-6D67-4B53-815E-4C780B19FBDA}.Release|x64.ActiveCfg = Release|x64
		{C182A8A6-6D67-4B53-815E-4C780B19FBDA}.Release|x64.Build.0 = Release|x64
		{C182A8A6-6D67-4B53-815E-4C780B19FBDA}.Release|x86.ActiveCfg = Release|Win32
		{C182A8A6-6D67-4B53-815E-4C780B19FBDA}.Release|x86.Build.0 = Release|Win32
		{256E1C90-C7FE-4A5F-9256-C0D6CF74C8E3}.Debug|x64.ActiveCfg = Debug|x64
		{256E1C90-C7FE-4A5F-9256-C0D6CF74C8E3}.Debug|x64.Build.0 = Debug|x64
		{256E1C90-C7FE-4A5F-9256-C0D6CF74C8E3}.Debug|x86.ActiveCfg = Debug|Win32
		{256E1C90-C7FE-4A5F-9256-C0D6CF74C8E3}.Debug|x86.Build.0 = Debug|Win32
		{256E1C90-C7FE-4A5F-9256-C0D6CF74C8E3}.Release|x64.ActiveCfg = Release|x64
		{256E1C90-C7FE-4A5F-9256-C0D6CF74C8E3}.Release|x64.Build.0 = Release|x64
		{256E1C90-C7FE-4A5F-9256-C0D6CF74C8E3}.Release|x86.ActiveCfg = Release|Win32
		{256E1C90-C7FE-4A5F-9256-C0D6CF74C8E3}.Release|x86.Build.0 = Release|Win32
		{13311FA2-5325-485D-94BE-AE16B5256F0A}.Debug|x64.ActiveCfg = Debug|x64
		{13311FA2-5325-485D-94BE-AE16B5256F0A}.Debug|x64.Build.0 = Debug|x64
		{13311FA2-5325-485D-94BE-AE16B5256F0A}.Debug|x86.ActiveCfg = Debug|Win32
		{13311FA2-5325-485D-94BE-AE16B5256F0A}.Debug|x86.Build.0 = Debug|Win32
		{13311FA2-5325-485D-94BE-AE16B5256F0A}.Release|x64.ActiveCfg = Release|x64
		{13311FA2-5325-485D-94BE-AE16B5256F0A}.Release|x64.Build.0 = Release|x64
		{13311FA2-5325-485D-94BE-AE16B5256F0A}.Release|x86.ActiveCfg = Release|Win32
		{13311FA2-5325-485D-94BE-AE16B5256F0A}.Release|x86.Build.0 = Release|Win32
		{7D2297C2-66DB-4358-B502-BB0374BD51D1}.Debug|x64.ActiveCfg = Debug|x64
		{7D2297C2-66DB-4358-B502-BB0374BD51D1}.Debug|x64.Build.0 = Debug|x64
		{7D2297C2-66DB-4358-B502-BB0374BD51D1}.Debug|x86.ActiveCfg = Debug|Win32
		{7D2297C2-66DB-4358-B502-BB0374BD51D1}.Debug|x86.Build.0 = Debug|Win32
		{7D2297C2-66DB-4358-B502-BB0374BD51D1}.Release|x64.ActiveCfg = Release|x64
		{7D2297C2-66DB-4358-B502-BB0374BD51D1}.Release|x64.Build.0 = Release|x64
		{7D2297C2-66DB-4358-B502-BB0374BD51D1}.Release|x86.ActiveCfg = Release|Win32
		{7D2297C2-66DB-4358-B502-BB0374BD51D1}.Release|x86.Build.0 = Release|Win32
	EndGlobalSection
	GlobalSection(SolutionProperties) = preSolution
		HideSolutionNode = FALSE
	EndGlobalSection
	GlobalSection(ExtensibilityGlobals) = postSolution
		SolutionGuid = {2B97703A-3471-4416-AA0C-8A4A4D9E056F}
	EndGlobalSection
EndGlobal
